
Microsoft Visual Studio Solution File, Format Version 12.00
# Visual Studio 2012
Project("{FAE04EC0-301F-11D3-BF4B-00C04F79EFBC}") = "fileManager.ui", "WpfFileManager\fileManager.ui.csproj", "{F64E277E-DBAD-41AD-A88F-9B808F6691AC}"
EndProject
Project("{FAE04EC0-301F-11D3-BF4B-00C04F79EFBC}") = "fileManager.api", "FileManager\fileManager.api.csproj", "{E34A8A24-060C-4EFD-A3DE-FCB224678EDD}"
EndProject
Project("{FAE04EC0-301F-11D3-BF4B-00C04F79EFBC}") = "testPlugin", "testPlugin\testPlugin.csproj", "{9A4E23CB-65A8-4F6C-8210-2C8BD6625AA5}"
EndProject
Project("{FAE04EC0-301F-11D3-BF4B-00C04F79EFBC}") = "ShortcutsPlugin", "ShotCutsPlugin\ShortcutsPlugin.csproj", "{525CCC46-0D4C-426E-ACD2-45350F403A28}"
EndProject
Project("{FAE04EC0-301F-11D3-BF4B-00C04F79EFBC}") = "ErrorPlugin", "ErrorPlugin\ErrorPlugin.csproj", "{F77C8FE2-B706-4CE7-8A25-63527D7C73B0}"
EndProject
Global
	GlobalSection(SolutionConfigurationPlatforms) = preSolution
		Debug|Any CPU = Debug|Any CPU
		Release|Any CPU = Release|Any CPU
	EndGlobalSection
	GlobalSection(ProjectConfigurationPlatforms) = postSolution
		{F64E277E-DBAD-41AD-A88F-9B808F6691AC}.Debug|Any CPU.ActiveCfg = Debug|Any CPU
		{F64E277E-DBAD-41AD-A88F-9B808F6691AC}.Debug|Any CPU.Build.0 = Debug|Any CPU
		{F64E277E-DBAD-41AD-A88F-9B808F6691AC}.Release|Any CPU.ActiveCfg = Release|Any CPU
		{F64E277E-DBAD-41AD-A88F-9B808F6691AC}.Release|Any CPU.Build.0 = Release|Any CPU
		{E34A8A24-060C-4EFD-A3DE-FCB224678EDD}.Debug|Any CPU.ActiveCfg = Debug|Any CPU
		{E34A8A24-060C-4EFD-A3DE-FCB224678EDD}.Debug|Any CPU.Build.0 = Debug|Any CPU
		{E34A8A24-060C-4EFD-A3DE-FCB224678EDD}.Release|Any CPU.ActiveCfg = Release|Any CPU
		{E34A8A24-060C-4EFD-A3DE-FCB224678EDD}.Release|Any CPU.Build.0 = Release|Any CPU
		{9A4E23CB-65A8-4F6C-8210-2C8BD6625AA5}.Debug|Any CPU.ActiveCfg = Debug|Any CPU
		{9A4E23CB-65A8-4F6C-8210-2C8BD6625AA5}.Debug|Any CPU.Build.0 = Debug|Any CPU
		{9A4E23CB-65A8-4F6C-8210-2C8BD6625AA5}.Release|Any CPU.ActiveCfg = Release|Any CPU
		{9A4E23CB-65A8-4F6C-8210-2C8BD6625AA5}.Release|Any CPU.Build.0 = Release|Any CPU
		{525CCC46-0D4C-426E-ACD2-45350F403A28}.Debug|Any CPU.ActiveCfg = Debug|Any CPU
		{525CCC46-0D4C-426E-ACD2-45350F403A28}.Debug|Any CPU.Build.0 = Debug|Any CPU
		{525CCC46-0D4C-426E-ACD2-45350F403A28}.Release|Any CPU.ActiveCfg = Release|Any CPU
		{525CCC46-0D4C-426E-ACD2-45350F403A28}.Release|Any CPU.Build.0 = Release|Any CPU
		{F77C8FE2-B706-4CE7-8A25-63527D7C73B0}.Debug|Any CPU.ActiveCfg = Debug|Any CPU
		{F77C8FE2-B706-4CE7-8A25-63527D7C73B0}.Debug|Any CPU.Build.0 = Debug|Any CPU
		{F77C8FE2-B706-4CE7-8A25-63527D7C73B0}.Release|Any CPU.ActiveCfg = Release|Any CPU
		{F77C8FE2-B706-4CE7-8A25-63527D7C73B0}.Release|Any CPU.Build.0 = Release|Any CPU
	EndGlobalSection
	GlobalSection(SolutionProperties) = preSolution
		HideSolutionNode = FALSE
	EndGlobalSection
EndGlobal
